
Microsoft Visual Studio Solution File, Format Version 12.00
# Visual Studio Version 16
VisualStudioVersion = 16.0.32802.440
MinimumVisualStudioVersion = 10.0.40219.1
Project("{9A19103F-16F7-4668-BE54-9A1E7A4F7556}") = "Application", "Application\Application.csproj", "{616260AE-0E3B-497B-BF26-CEDC791DD597}"
EndProject
Project("{FAE04EC0-301F-11D3-BF4B-00C04F79EFBC}") = "CoreLib", "CoreLib\CoreLib.csproj", "{FAC1D793-0004-4662-9BAF-06F790934741}"
EndProject
Project("{FAE04EC0-301F-11D3-BF4B-00C04F79EFBC}") = "Tests", "Tests\Tests.csproj", "{F23D7162-76A2-42D8-ABC0-BADADC99FEE8}"
EndProject
Global
	GlobalSection(SolutionConfigurationPlatforms) = preSolution
		Debug|Any CPU = Debug|Any CPU
		Release|Any CPU = Release|Any CPU
	EndGlobalSection
	GlobalSection(ProjectConfigurationPlatforms) = postSolution
		{616260AE-0E3B-497B-BF26-CEDC791DD597}.Debug|Any CPU.ActiveCfg = Debug|Any CPU
		{616260AE-0E3B-497B-BF26-CEDC791DD597}.Debug|Any CPU.Build.0 = Debug|Any CPU
		{616260AE-0E3B-497B-BF26-CEDC791DD597}.Release|Any CPU.ActiveCfg = Release|Any CPU
		{616260AE-0E3B-497B-BF26-CEDC791DD597}.Release|Any CPU.Build.0 = Release|Any CPU
		{FAC1D793-0004-4662-9BAF-06F790934741}.Debug|Any CPU.ActiveCfg = Debug|Any CPU
		{FAC1D793-0004-4662-9BAF-06F790934741}.Debug|Any CPU.Build.0 = Debug|Any CPU
		{FAC1D793-0004-4662-9BAF-06F790934741}.Release|Any CPU.ActiveCfg = Release|Any CPU
		{FAC1D793-0004-4662-9BAF-06F790934741}.Release|Any CPU.Build.0 = Release|Any CPU
		{F23D7162-76A2-42D8-ABC0-BADADC99FEE8}.Debug|Any CPU.ActiveCfg = Debug|Any CPU
		{F23D7162-76A2-42D8-ABC0-BADADC99FEE8}.Debug|Any CPU.Build.0 = Debug|Any CPU
		{F23D7162-76A2-42D8-ABC0-BADADC99FEE8}.Release|Any CPU.ActiveCfg = Release|Any CPU
		{F23D7162-76A2-42D8-ABC0-BADADC99FEE8}.Release|Any CPU.Build.0 = Release|Any CPU
	EndGlobalSection
	GlobalSection(SolutionProperties) = preSolution
		HideSolutionNode = FALSE
	EndGlobalSection
	GlobalSection(ExtensibilityGlobals) = postSolution
		SolutionGuid = {150B1A49-05DD-42E1-8FB5-FACF7B64A8B6}
	EndGlobalSection
EndGlobal
