
Microsoft Visual Studio Solution File, Format Version 12.00
# Visual Studio Version 16
VisualStudioVersion = 16.0.32802.440
MinimumVisualStudioVersion = 10.0.40219.1
Project("{FAE04EC0-301F-11D3-BF4B-00C04F79EFBC}") = "StringFormatter", "StringFormatter\StringFormatter.csproj", "{5BA386B7-6D02-4599-95F0-EAB060FE6E70}"
EndProject
Project("{FAE04EC0-301F-11D3-BF4B-00C04F79EFBC}") = "Tests", "Tests\Tests.csproj", "{2ED33D13-8405-44A7-9E58-5EC7B5DF965A}"
EndProject
Global
	GlobalSection(SolutionConfigurationPlatforms) = preSolution
		Debug|Any CPU = Debug|Any CPU
		Release|Any CPU = Release|Any CPU
	EndGlobalSection
	GlobalSection(ProjectConfigurationPlatforms) = postSolution
		{5BA386B7-6D02-4599-95F0-EAB060FE6E70}.Debug|Any CPU.ActiveCfg = Debug|Any CPU
		{5BA386B7-6D02-4599-95F0-EAB060FE6E70}.Debug|Any CPU.Build.0 = Debug|Any CPU
		{5BA386B7-6D02-4599-95F0-EAB060FE6E70}.Release|Any CPU.ActiveCfg = Release|Any CPU
		{5BA386B7-6D02-4599-95F0-EAB060FE6E70}.Release|Any CPU.Build.0 = Release|Any CPU
		{2ED33D13-8405-44A7-9E58-5EC7B5DF965A}.Debug|Any CPU.ActiveCfg = Debug|Any CPU
		{2ED33D13-8405-44A7-9E58-5EC7B5DF965A}.Debug|Any CPU.Build.0 = Debug|Any CPU
		{2ED33D13-8405-44A7-9E58-5EC7B5DF965A}.Release|Any CPU.ActiveCfg = Release|Any CPU
		{2ED33D13-8405-44A7-9E58-5EC7B5DF965A}.Release|Any CPU.Build.0 = Release|Any CPU
	EndGlobalSection
	GlobalSection(SolutionProperties) = preSolution
		HideSolutionNode = FALSE
	EndGlobalSection
	GlobalSection(ExtensibilityGlobals) = postSolution
		SolutionGuid = {9A8DB408-BDFD-4662-ABE3-3BC251B792BA}
	EndGlobalSection
EndGlobal
